
Microsoft Visual Studio Solution File, Format Version 12.00
# Visual Studio 15
VisualStudioVersion = 15.0.27428.2027
MinimumVisualStudioVersion = 10.0.40219.1
Project("{FAE04EC0-301F-11D3-BF4B-00C04F79EFBC}") = "KinectConsole", "KinectConsole\KinectConsole.csproj", "{1880765A-3463-4360-B9D4-397D7ABA9F79}"
EndProject
Project("{FAE04EC0-301F-11D3-BF4B-00C04F79EFBC}") = "GeometryClasses", "KinectGeometry\GeometryClasses.csproj", "{FD9CFE30-83F3-40E7-8082-B06A26ECCCC4}"
EndProject
Project("{FAE04EC0-301F-11D3-BF4B-00C04F79EFBC}") = "KinectInterface", "KinectInterface\KinectInterface.csproj", "{1691967C-6FF3-4146-90A4-6CC5B0BBC2E9}"
EndProject
Global
	GlobalSection(SolutionConfigurationPlatforms) = preSolution
		Debug|Any CPU = Debug|Any CPU
		Release|Any CPU = Release|Any CPU
	EndGlobalSection
	GlobalSection(ProjectConfigurationPlatforms) = postSolution
		{1880765A-3463-4360-B9D4-397D7ABA9F79}.Debug|Any CPU.ActiveCfg = Debug|Any CPU
		{1880765A-3463-4360-B9D4-397D7ABA9F79}.Debug|Any CPU.Build.0 = Debug|Any CPU
		{1880765A-3463-4360-B9D4-397D7ABA9F79}.Release|Any CPU.ActiveCfg = Release|Any CPU
		{1880765A-3463-4360-B9D4-397D7ABA9F79}.Release|Any CPU.Build.0 = Release|Any CPU
		{FD9CFE30-83F3-40E7-8082-B06A26ECCCC4}.Debug|Any CPU.ActiveCfg = Debug|Any CPU
		{FD9CFE30-83F3-40E7-8082-B06A26ECCCC4}.Debug|Any CPU.Build.0 = Debug|Any CPU
		{FD9CFE30-83F3-40E7-8082-B06A26ECCCC4}.Release|Any CPU.ActiveCfg = Release|Any CPU
		{FD9CFE30-83F3-40E7-8082-B06A26ECCCC4}.Release|Any CPU.Build.0 = Release|Any CPU
		{1691967C-6FF3-4146-90A4-6CC5B0BBC2E9}.Debug|Any CPU.ActiveCfg = Debug|Any CPU
		{1691967C-6FF3-4146-90A4-6CC5B0BBC2E9}.Debug|Any CPU.Build.0 = Debug|Any CPU
		{1691967C-6FF3-4146-90A4-6CC5B0BBC2E9}.Release|Any CPU.ActiveCfg = Release|Any CPU
		{1691967C-6FF3-4146-90A4-6CC5B0BBC2E9}.Release|Any CPU.Build.0 = Release|Any CPU
	EndGlobalSection
	GlobalSection(SolutionProperties) = preSolution
		HideSolutionNode = FALSE
	EndGlobalSection
	GlobalSection(ExtensibilityGlobals) = postSolution
		SolutionGuid = {9C1CC5F4-D713-43BC-84FF-AFCB7686FAC9}
	EndGlobalSection
EndGlobal
